{
  "name": "Portfolio",
  "lockfileVersion": 3,
  "requires": true,
  "packages": {
    "": {
      "dependencies": {
        "husky": "^8.0.2"
      },
      "devDependencies": {
        "husky": "^8.0.0",
        "validate-commit-msg": "^2.14.0"
      }
    },
    "node_modules/colors": {
      "version": "0.6.2",
      "resolved": "https://registry.npmjs.org/colors/-/colors-0.6.2.tgz",
      "integrity": "sha512-OsSVtHK8Ir8r3+Fxw/b4jS1ZLPXkV6ZxDRJQzeD7qo0SqMXWrHDM71DgYzPMHY8SFJ0Ao+nNU2p1MmwdzKqPrw==",
      "dev": true,
      "engines": {
        "node": ">=0.1.90"
      }
    },
    "node_modules/commander": {
      "version": "2.1.0",
      "resolved": "https://registry.npmjs.org/commander/-/commander-2.1.0.tgz",
      "integrity": "sha512-J2wnb6TKniXNOtoHS8TSrG9IOQluPrsmyAJ8oCUJOBmv+uLBCyPYAZkD2jFvw2DCzIXNnISIM01NIvr35TkBMQ==",
      "dev": true,
      "engines": {
        "node": ">= 0.6.x"
      }
    },
    "node_modules/conventional-commit-types": {
      "version": "2.3.0",
      "resolved": "https://registry.npmjs.org/conventional-commit-types/-/conventional-commit-types-2.3.0.tgz",
      "integrity": "sha512-6iB39PrcGYdz0n3z31kj6/Km6mK9hm9oMRhwcLnKxE7WNoeRKZbTAobliKrbYZ5jqyCvtcVEfjCiaEzhL3AVmQ==",
      "dev": true
    },
    "node_modules/find-parent-dir": {
      "version": "0.3.1",
      "resolved": "https://registry.npmjs.org/find-parent-dir/-/find-parent-dir-0.3.1.tgz",
      "integrity": "sha512-o4UcykWV/XN9wm+jMEtWLPlV8RXCZnMhQI6F6OdHeSez7iiJWePw8ijOlskJZMsaQoGR/b7dH6lO02HhaTN7+A==",
      "dev": true
    },
    "node_modules/findup": {
      "version": "0.1.5",
      "resolved": "https://registry.npmjs.org/findup/-/findup-0.1.5.tgz",
      "integrity": "sha512-Udxo3C9A6alt2GZ2MNsgnIvX7De0V3VGxeP/x98NSVgSlizcDHdmJza61LI7zJy4OEtSiJyE72s0/+tBl5/ZxA==",
      "dev": true,
      "dependencies": {
        "colors": "~0.6.0-1",
        "commander": "~2.1.0"
      },
      "bin": {
        "findup": "bin/findup.js"
      },
      "engines": {
        "node": ">=0.6"
      }
    },
    "node_modules/husky": {
      "version": "8.0.2",
      "resolved": "https://registry.npmjs.org/husky/-/husky-8.0.2.tgz",
      "integrity": "sha512-Tkv80jtvbnkK3mYWxPZePGFpQ/tT3HNSs/sasF9P2YfkMezDl3ON37YN6jUUI4eTg5LcyVynlb6r4eyvOmspvg==",
      "dev": true,
      "bin": {
        "husky": "lib/bin.js"
      },
      "engines": {
        "node": ">=14"
      },
      "funding": {
        "url": "https://github.com/sponsors/typicode"
      }
    },
    "node_modules/semver-regex": {
      "version": "1.0.0",
      "resolved": "https://registry.npmjs.org/semver-regex/-/semver-regex-1.0.0.tgz",
      "integrity": "sha512-1vZcoRC+LPtHFkLUPyrabsATDSHerxW+hJBN8h04HZOZBuewbXaNROtUVdEPrTdZsWNq6sfsXDhd48GB2xTG4g==",
      "dev": true,
      "engines": {
        "node": ">=0.10.0"
      }
    },
    "node_modules/validate-commit-msg": {
      "version": "2.14.0",
      "resolved": "https://registry.npmjs.org/validate-commit-msg/-/validate-commit-msg-2.14.0.tgz",
      "integrity": "sha512-sETG7UmikRVseMyeayyF6L1svmNXoZiyG4TVyLYSVSYjcSuZT602T+irJKjIyE+FutGyngSLxHGLTeyFy+oyag==",
      "deprecated": "Check out CommitLint which provides the same functionality with a more user-focused experience.",
      "dev": true,
      "dependencies": {
        "conventional-commit-types": "^2.0.0",
        "find-parent-dir": "^0.3.0",
        "findup": "0.1.5",
        "semver-regex": "1.0.0"
      },
      "bin": {
        "validate-commit-msg": "lib/cli.js"
      }
    }
  }
}
